
Microsoft Visual Studio Solution File, Format Version 12.00
# Visual Studio Version 17
VisualStudioVersion = 17.2.32427.441
MinimumVisualStudioVersion = 10.0.40219.1
Project("{9A19103F-16F7-4668-BE54-9A1E7A4F7556}") = "APIContagem", "APIContagem.csproj", "{15E1E19E-DAD8-4056-802F-1FB36B5AECCC}"
EndProject
Project("{9A19103F-16F7-4668-BE54-9A1E7A4F7556}") = "APIs.Security.JWT", "..\APIs.Security.JWT\APIs.Security.JWT.csproj", "{DB6FE350-B41A-4534-9138-7913A8335EEA}"
EndProject
Global
	GlobalSection(SolutionConfigurationPlatforms) = preSolution
		Debug|Any CPU = Debug|Any CPU
		Release|Any CPU = Release|Any CPU
	EndGlobalSection
	GlobalSection(ProjectConfigurationPlatforms) = postSolution
		{15E1E19E-DAD8-4056-802F-1FB36B5AECCC}.Debug|Any CPU.ActiveCfg = Debug|Any CPU
		{15E1E19E-DAD8-4056-802F-1FB36B5AECCC}.Debug|Any CPU.Build.0 = Debug|Any CPU
		{15E1E19E-DAD8-4056-802F-1FB36B5AECCC}.Release|Any CPU.ActiveCfg = Release|Any CPU
		{15E1E19E-DAD8-4056-802F-1FB36B5AECCC}.Release|Any CPU.Build.0 = Release|Any CPU
		{DB6FE350-B41A-4534-9138-7913A8335EEA}.Debug|Any CPU.ActiveCfg = Debug|Any CPU
		{DB6FE350-B41A-4534-9138-7913A8335EEA}.Debug|Any CPU.Build.0 = Debug|Any CPU
		{DB6FE350-B41A-4534-9138-7913A8335EEA}.Release|Any CPU.ActiveCfg = Release|Any CPU
		{DB6FE350-B41A-4534-9138-7913A8335EEA}.Release|Any CPU.Build.0 = Release|Any CPU
	EndGlobalSection
	GlobalSection(SolutionProperties) = preSolution
		HideSolutionNode = FALSE
	EndGlobalSection
	GlobalSection(ExtensibilityGlobals) = postSolution
		SolutionGuid = {7FDF8033-1881-4112-B7AA-65F82456EDCE}
	EndGlobalSection
EndGlobal
